
Microsoft Visual Studio Solution File, Format Version 12.00
# Visual Studio Version 17
VisualStudioVersion = 17.0.31919.166
MinimumVisualStudioVersion = 10.0.40219.1
Project("{9A19103F-16F7-4668-BE54-9A1E7A4F7556}") = "StudentSvc.Api", "StudentSvc.Api\StudentSvc.Api.csproj", "{79E4BD72-8AA3-41B8-A7F9-F68FF9ED9CB6}"
EndProject
Global
	GlobalSection(SolutionConfigurationPlatforms) = preSolution
		Debug|Any CPU = Debug|Any CPU
		Release|Any CPU = Release|Any CPU
	EndGlobalSection
	GlobalSection(ProjectConfigurationPlatforms) = postSolution
		{79E4BD72-8AA3-41B8-A7F9-F68FF9ED9CB6}.Debug|Any CPU.ActiveCfg = Debug|Any CPU
		{79E4BD72-8AA3-41B8-A7F9-F68FF9ED9CB6}.Debug|Any CPU.Build.0 = Debug|Any CPU
		{79E4BD72-8AA3-41B8-A7F9-F68FF9ED9CB6}.Release|Any CPU.ActiveCfg = Release|Any CPU
		{79E4BD72-8AA3-41B8-A7F9-F68FF9ED9CB6}.Release|Any CPU.Build.0 = Release|Any CPU
	EndGlobalSection
	GlobalSection(SolutionProperties) = preSolution
		HideSolutionNode = FALSE
	EndGlobalSection
	GlobalSection(ExtensibilityGlobals) = postSolution
		SolutionGuid = {F242F16E-6A61-4BE0-B69C-BFABA080091B}
	EndGlobalSection
EndGlobal
